
Microsoft Visual Studio Solution File, Format Version 12.00
# Visual Studio 14
VisualStudioVersion = 14.0.25420.1
MinimumVisualStudioVersion = 10.0.40219.1
Project("{8BC9CEB8-8B4A-11D0-8D11-00A0C91BC942}") = "DPGrid", "DPGrid\DPGrid.vcxproj", "{118F6525-F89E-499C-8BC5-EF55E6CBFB0E}"
EndProject
Project("{2150E333-8FDC-42A3-9474-1A3956D46DE8}") = "DPGridBase", "DPGridBase", "{D74D3468-9A4C-4D8C-A2F5-99BC4A2AC3BF}"
EndProject
Project("{8BC9CEB8-8B4A-11D0-8D11-00A0C91BC942}") = "AerialTriMatchLib", "DPGridBase\AerialTriMatchLib\AerialTriMatchLib.vcxproj", "{92061C0B-3040-43AB-900A-699121EC6EE2}"
EndProject
Project("{8BC9CEB8-8B4A-11D0-8D11-00A0C91BC942}") = "FeatureExtractor", "DPGridBase\FeatureExtractor\FeatureExtractor.vcxproj", "{D0B9C9CC-7A3F-44B0-8A38-AF68B25CA0B9}"
	ProjectSection(ProjectDependencies) = postProject
		{92061C0B-3040-43AB-900A-699121EC6EE2} = {92061C0B-3040-43AB-900A-699121EC6EE2}
	EndProjectSection
EndProject
Project("{8BC9CEB8-8B4A-11D0-8D11-00A0C91BC942}") = "FeatureMatcher", "DPGridBase\FeatureMatcher\FeatureMatcher.vcxproj", "{66299A0A-664D-4BFE-A904-0C6E59545CB0}"
	ProjectSection(ProjectDependencies) = postProject
		{92061C0B-3040-43AB-900A-699121EC6EE2} = {92061C0B-3040-43AB-900A-699121EC6EE2}
	EndProjectSection
EndProject
Project("{8BC9CEB8-8B4A-11D0-8D11-00A0C91BC942}") = "FeatureConnector", "DPGridBase\FeatureConnector\FeatureConnector.vcxproj", "{2B2643E6-F11E-4901-94E5-AD6E463CDA3F}"
	ProjectSection(ProjectDependencies) = postProject
		{92061C0B-3040-43AB-900A-699121EC6EE2} = {92061C0B-3040-43AB-900A-699121EC6EE2}
	EndProjectSection
EndProject
Project("{8BC9CEB8-8B4A-11D0-8D11-00A0C91BC942}") = "testAerialTriLib", "DPGridBase\testAerialTriLib\testAerialTriLib.vcxproj", "{E1C4F759-5E67-4B54-9409-2FE9178E81A5}"
EndProject
Project("{2150E333-8FDC-42A3-9474-1A3956D46DE8}") = "lib", "lib", "{0A583FC1-5F75-4134-AFD6-3FCE46083E62}"
EndProject
Project("{2150E333-8FDC-42A3-9474-1A3956D46DE8}") = "dll", "dll", "{11EE01E1-FD7A-489A-B486-2ADA3ED97D6F}"
EndProject
Project("{2150E333-8FDC-42A3-9474-1A3956D46DE8}") = "example", "example", "{7554BC19-F788-4596-B193-F70B4C4BA1CF}"
EndProject
Project("{8BC9CEB8-8B4A-11D0-8D11-00A0C91BC942}") = "match_dom_dense", "example\match_dom_dense\match_dom_dense.vcxproj", "{AE92E000-9279-4697-83CA-63A852374979}"
EndProject
Global
	GlobalSection(SolutionConfigurationPlatforms) = preSolution
		Debug|x64 = Debug|x64
		Debug|x86 = Debug|x86
		Release|x64 = Release|x64
		Release|x86 = Release|x86
	EndGlobalSection
	GlobalSection(ProjectConfigurationPlatforms) = postSolution
		{118F6525-F89E-499C-8BC5-EF55E6CBFB0E}.Debug|x64.ActiveCfg = Debug|x64
		{118F6525-F89E-499C-8BC5-EF55E6CBFB0E}.Debug|x64.Build.0 = Debug|x64
		{118F6525-F89E-499C-8BC5-EF55E6CBFB0E}.Debug|x86.ActiveCfg = Debug|Win32
		{118F6525-F89E-499C-8BC5-EF55E6CBFB0E}.Debug|x86.Build.0 = Debug|Win32
		{118F6525-F89E-499C-8BC5-EF55E6CBFB0E}.Release|x64.ActiveCfg = Release|x64
		{118F6525-F89E-499C-8BC5-EF55E6CBFB0E}.Release|x64.Build.0 = Release|x64
		{118F6525-F89E-499C-8BC5-EF55E6CBFB0E}.Release|x86.ActiveCfg = Release|Win32
		{118F6525-F89E-499C-8BC5-EF55E6CBFB0E}.Release|x86.Build.0 = Release|Win32
		{92061C0B-3040-43AB-900A-699121EC6EE2}.Debug|x64.ActiveCfg = Debug|x64
		{92061C0B-3040-43AB-900A-699121EC6EE2}.Debug|x64.Build.0 = Debug|x64
		{92061C0B-3040-43AB-900A-699121EC6EE2}.Debug|x86.ActiveCfg = Debug|Win32
		{92061C0B-3040-43AB-900A-699121EC6EE2}.Debug|x86.Build.0 = Debug|Win32
		{92061C0B-3040-43AB-900A-699121EC6EE2}.Release|x64.ActiveCfg = Release|x64
		{92061C0B-3040-43AB-900A-699121EC6EE2}.Release|x64.Build.0 = Release|x64
		{92061C0B-3040-43AB-900A-699121EC6EE2}.Release|x86.ActiveCfg = Release|Win32
		{92061C0B-3040-43AB-900A-699121EC6EE2}.Release|x86.Build.0 = Release|Win32
		{D0B9C9CC-7A3F-44B0-8A38-AF68B25CA0B9}.Debug|x64.ActiveCfg = Debug|x64
		{D0B9C9CC-7A3F-44B0-8A38-AF68B25CA0B9}.Debug|x64.Build.0 = Debug|x64
		{D0B9C9CC-7A3F-44B0-8A38-AF68B25CA0B9}.Debug|x86.ActiveCfg = Debug|Win32
		{D0B9C9CC-7A3F-44B0-8A38-AF68B25CA0B9}.Debug|x86.Build.0 = Debug|Win32
		{D0B9C9CC-7A3F-44B0-8A38-AF68B25CA0B9}.Release|x64.ActiveCfg = Release|x64
		{D0B9C9CC-7A3F-44B0-8A38-AF68B25CA0B9}.Release|x64.Build.0 = Release|x64
		{D0B9C9CC-7A3F-44B0-8A38-AF68B25CA0B9}.Release|x86.ActiveCfg = Release|Win32
		{D0B9C9CC-7A3F-44B0-8A38-AF68B25CA0B9}.Release|x86.Build.0 = Release|Win32
		{66299A0A-664D-4BFE-A904-0C6E59545CB0}.Debug|x64.ActiveCfg = Debug|x64
		{66299A0A-664D-4BFE-A904-0C6E59545CB0}.Debug|x64.Build.0 = Debug|x64
		{66299A0A-664D-4BFE-A904-0C6E59545CB0}.Debug|x86.ActiveCfg = Debug|Win32
		{66299A0A-664D-4BFE-A904-0C6E59545CB0}.Debug|x86.Build.0 = Debug|Win32
		{66299A0A-664D-4BFE-A904-0C6E59545CB0}.Release|x64.ActiveCfg = Release|x64
		{66299A0A-664D-4BFE-A904-0C6E59545CB0}.Release|x64.Build.0 = Release|x64
		{66299A0A-664D-4BFE-A904-0C6E59545CB0}.Release|x86.ActiveCfg = Release|Win32
		{66299A0A-664D-4BFE-A904-0C6E59545CB0}.Release|x86.Build.0 = Release|Win32
		{2B2643E6-F11E-4901-94E5-AD6E463CDA3F}.Debug|x64.ActiveCfg = Debug|x64
		{2B2643E6-F11E-4901-94E5-AD6E463CDA3F}.Debug|x64.Build.0 = Debug|x64
		{2B2643E6-F11E-4901-94E5-AD6E463CDA3F}.Debug|x86.ActiveCfg = Debug|Win32
		{2B2643E6-F11E-4901-94E5-AD6E463CDA3F}.Debug|x86.Build.0 = Debug|Win32
		{2B2643E6-F11E-4901-94E5-AD6E463CDA3F}.Release|x64.ActiveCfg = Release|x64
		{2B2643E6-F11E-4901-94E5-AD6E463CDA3F}.Release|x64.Build.0 = Release|x64
		{2B2643E6-F11E-4901-94E5-AD6E463CDA3F}.Release|x86.ActiveCfg = Release|Win32
		{2B2643E6-F11E-4901-94E5-AD6E463CDA3F}.Release|x86.Build.0 = Release|Win32
		{E1C4F759-5E67-4B54-9409-2FE9178E81A5}.Debug|x64.ActiveCfg = Debug|x64
		{E1C4F759-5E67-4B54-9409-2FE9178E81A5}.Debug|x64.Build.0 = Debug|x64
		{E1C4F759-5E67-4B54-9409-2FE9178E81A5}.Debug|x86.ActiveCfg = Debug|Win32
		{E1C4F759-5E67-4B54-9409-2FE9178E81A5}.Debug|x86.Build.0 = Debug|Win32
		{E1C4F759-5E67-4B54-9409-2FE9178E81A5}.Release|x64.ActiveCfg = Release|x64
		{E1C4F759-5E67-4B54-9409-2FE9178E81A5}.Release|x64.Build.0 = Release|x64
		{E1C4F759-5E67-4B54-9409-2FE9178E81A5}.Release|x86.ActiveCfg = Release|Win32
		{E1C4F759-5E67-4B54-9409-2FE9178E81A5}.Release|x86.Build.0 = Release|Win32
		{AE92E000-9279-4697-83CA-63A852374979}.Debug|x64.ActiveCfg = Debug|x64
		{AE92E000-9279-4697-83CA-63A852374979}.Debug|x64.Build.0 = Debug|x64
		{AE92E000-9279-4697-83CA-63A852374979}.Debug|x86.ActiveCfg = Debug|Win32
		{AE92E000-9279-4697-83CA-63A852374979}.Debug|x86.Build.0 = Debug|Win32
		{AE92E000-9279-4697-83CA-63A852374979}.Release|x64.ActiveCfg = Release|x64
		{AE92E000-9279-4697-83CA-63A852374979}.Release|x64.Build.0 = Release|x64
		{AE92E000-9279-4697-83CA-63A852374979}.Release|x86.ActiveCfg = Release|Win32
		{AE92E000-9279-4697-83CA-63A852374979}.Release|x86.Build.0 = Release|Win32
	EndGlobalSection
	GlobalSection(SolutionProperties) = preSolution
		HideSolutionNode = FALSE
	EndGlobalSection
	GlobalSection(NestedProjects) = preSolution
		{92061C0B-3040-43AB-900A-699121EC6EE2} = {0A583FC1-5F75-4134-AFD6-3FCE46083E62}
		{D0B9C9CC-7A3F-44B0-8A38-AF68B25CA0B9} = {11EE01E1-FD7A-489A-B486-2ADA3ED97D6F}
		{66299A0A-664D-4BFE-A904-0C6E59545CB0} = {11EE01E1-FD7A-489A-B486-2ADA3ED97D6F}
		{2B2643E6-F11E-4901-94E5-AD6E463CDA3F} = {11EE01E1-FD7A-489A-B486-2ADA3ED97D6F}
		{E1C4F759-5E67-4B54-9409-2FE9178E81A5} = {7554BC19-F788-4596-B193-F70B4C4BA1CF}
		{0A583FC1-5F75-4134-AFD6-3FCE46083E62} = {D74D3468-9A4C-4D8C-A2F5-99BC4A2AC3BF}
		{11EE01E1-FD7A-489A-B486-2ADA3ED97D6F} = {D74D3468-9A4C-4D8C-A2F5-99BC4A2AC3BF}
		{AE92E000-9279-4697-83CA-63A852374979} = {7554BC19-F788-4596-B193-F70B4C4BA1CF}
	EndGlobalSection
EndGlobal
